Microsoft Visual Studio Solution File, Format Version 12.00
# Visual Studio Version 17
VisualStudioVersion = 17.5.2.0
MinimumVisualStudioVersion = 10.0.40219.1
Project("{FAE04EC0-301F-11D3-BF4B-00C04F79EFBC}") = "GestiondeMatricula", "GestiondeMatricula.csproj", "{F155FF23-2E5F-D0C4-B949-3E80ECA483C6}"
EndProject
Global
	GlobalSection(SolutionConfigurationPlatforms) = preSolution
		Debug|Any CPU = Debug|Any CPU
		Release|Any CPU = Release|Any CPU
	EndGlobalSection
	GlobalSection(ProjectConfigurationPlatforms) = postSolution
		{F155FF23-2E5F-D0C4-B949-3E80ECA483C6}.Debug|Any CPU.ActiveCfg = Debug|Any CPU
		{F155FF23-2E5F-D0C4-B949-3E80ECA483C6}.Debug|Any CPU.Build.0 = Debug|Any CPU
		{F155FF23-2E5F-D0C4-B949-3E80ECA483C6}.Release|Any CPU.ActiveCfg = Release|Any CPU
		{F155FF23-2E5F-D0C4-B949-3E80ECA483C6}.Release|Any CPU.Build.0 = Release|Any CPU
	EndGlobalSection
	GlobalSection(SolutionProperties) = preSolution
		HideSolutionNode = FALSE
	EndGlobalSection
	GlobalSection(ExtensibilityGlobals) = postSolution
		SolutionGuid = {704628A7-D82C-4C64-B4C5-D90659355579}
	EndGlobalSection
EndGlobal
